Microsoft Visual Studio Solution File, Format Version 11.00
# Visual Studio 2008

Project("{216BC195-2FB2-00D5-EB42-D2FCD529EB35}") = "Kin", "Assembly-CSharp.csproj", "{6F0EC141-4D66-0652-0149-1ACDAEC6A1EC}"
EndProject
Global
	GlobalSection(SolutionConfigurationPlatforms) = preSolution
		Debug|Any CPU = Debug|Any CPU
		Release|Any CPU = Release|Any CPU
	EndGlobalSection
	GlobalSection(ProjectConfigurationPlatforms) = postSolution
		{6F0EC141-4D66-0652-0149-1ACDAEC6A1EC}.Debug|Any CPU.ActiveCfg = Debug|Any CPU
		{6F0EC141-4D66-0652-0149-1ACDAEC6A1EC}.Debug|Any CPU.Build.0 = Debug|Any CPU
		{6F0EC141-4D66-0652-0149-1ACDAEC6A1EC}.Release|Any CPU.ActiveCfg = Release|Any CPU
		{6F0EC141-4D66-0652-0149-1ACDAEC6A1EC}.Release|Any CPU.Build.0 = Release|Any CPU
	EndGlobalSection
	GlobalSection(SolutionProperties) = preSolution
		HideSolutionNode = FALSE
	EndGlobalSection
	GlobalSection(MonoDevelopProperties) = preSolution
		StartupItem = Assembly-CSharp.csproj
	EndGlobalSection
EndGlobal
